
Microsoft Visual Studio Solution File, Format Version 12.00
# Visual Studio Version 17
VisualStudioVersion = 17.14.37628.2 d17.14
MinimumVisualStudioVersion = 10.0.40219.1
Project("{FAE04EC0-301F-11D3-BF4B-00C04F79EFBC}") = "CalcLibrary", "CalcLibrary\CalcLibrary.csproj", "{505871DC-EA1D-4D56-80C5-7955DE39B234}"
EndProject
Project("{FAE04EC0-301F-11D3-BF4B-00C04F79EFBC}") = "CalcLibrary.Tests", "CalcLibrary.Tests\CalcLibrary.Tests.csproj", "{3D9D63BE-A8DC-41CE-AC87-A7834393085A}"
EndProject
Global
	GlobalSection(SolutionConfigurationPlatforms) = preSolution
		Debug|Any CPU = Debug|Any CPU
		Release|Any CPU = Release|Any CPU
	EndGlobalSection
	GlobalSection(ProjectConfigurationPlatforms) = postSolution
		{505871DC-EA1D-4D56-80C5-7955DE39B234}.Debug|Any CPU.ActiveCfg = Debug|Any CPU
		{505871DC-EA1D-4D56-80C5-7955DE39B234}.Debug|Any CPU.Build.0 = Debug|Any CPU
		{505871DC-EA1D-4D56-80C5-7955DE39B234}.Release|Any CPU.ActiveCfg = Release|Any CPU
		{505871DC-EA1D-4D56-80C5-7955DE39B234}.Release|Any CPU.Build.0 = Release|Any CPU
		{3D9D63BE-A8DC-41CE-AC87-A7834393085A}.Debug|Any CPU.ActiveCfg = Debug|Any CPU
		{3D9D63BE-A8DC-41CE-AC87-A7834393085A}.Debug|Any CPU.Build.0 = Debug|Any CPU
		{3D9D63BE-A8DC-41CE-AC87-A7834393085A}.Release|Any CPU.ActiveCfg = Release|Any CPU
		{3D9D63BE-A8DC-41CE-AC87-A7834393085A}.Release|Any CPU.Build.0 = Release|Any CPU
	EndGlobalSection
	GlobalSection(SolutionProperties) = preSolution
		HideSolutionNode = FALSE
	EndGlobalSection
	GlobalSection(ExtensibilityGlobals) = postSolution
		SolutionGuid = {D1A35F08-3DB5-42E9-8773-E810757B3ED3}
	EndGlobalSection
EndGlobal
